// !$*UTF8*$!
{
	archiveVersion = 1;
	classes = {
	};
	objectVersion = 50;
	objects = {

/* Begin PBXBuildFile section */
		A71B5AFA28D57929008C0413 /* AppDelegate.swift in Sources */ = {isa = PBXBuildFile; fileRef = A71B5AF928D57929008C0413 /* AppDelegate.swift */; };
		A71B5AFC28D57929008C0413 /* SceneDelegate.swift in Sources */ = {isa = PBXBuildFile; fileRef = A71B5AFB28D57929008C0413 /* SceneDelegate.swift */; };
		A71B5AFE28D57929008C0413 /* ViewController.swift in Sources */ = {isa = PBXBuildFile; fileRef = A71B5AFD28D57929008C0413 /* ViewController.swift */; };
		A71B5B0128D57929008C0413 /* Main.storyboard in Resources */ = {isa = PBXBuildFile; fileRef = A71B5AFF28D57929008C0413 /* Main.storyboard */; };
		A71B5B0328D5792A008C0413 /* Assets.xcassets in Resources */ = {isa = PBXBuildFile; fileRef = A71B5B0228D5792A008C0413 /* Assets.xcassets */; };
		A71B5B0628D5792A008C0413 /* LaunchScreen.storyboard in Resources */ = {isa = PBXBuildFile; fileRef = A71B5B0428D5792A008C0413 /* LaunchScreen.storyboard */; };
		A71B5B1128D5792B008C0413 /* HackwichTwoTests.swift in Sources */ = {isa = PBXBuildFile; fileRef = A71B5B1028D5792B008C0413 /* HackwichTwoTests.swift */; };
		A71B5B1C28D5792B008C0413 /* HackwichTwoUITests.swift in Sources */ = {isa = PBXBuildFile; fileRef = A71B5B1B28D5792B008C0413 /* HackwichTwoUITests.swift */; };
/* End PBXBuildFile section */

/* Begin PBXContainerItemProxy section */
		A71B5B0D28D5792B008C0413 /* PBXContainerItemProxy */ = {
			isa = PBXContainerItemProxy;
			containerPortal = A71B5AEE28D57929008C0413 /* Project object */;
			proxyType = 1;
			remoteGlobalIDString = A71B5AF528D57929008C0413;
			remoteInfo = HackwichTwo;
		};
		A71B5B1828D5792B008C0413 /* PBXContainerItemProxy */ = {
			isa = PBXContainerItemProxy;
			containerPortal = A71B5AEE28D57929008C0413 /* Project object */;
			proxyType = 1;
			remoteGlobalIDString = A71B5AF528D57929008C0413;
			remoteInfo = HackwichTwo;
		};
/* End PBXContainerItemProxy section */

/* Begin PBXFileReference section */
		A71B5AF628D57929008C0413 /* HackwichTwo.app */ = {isa = PBXFileReference; explicitFileType = wrapper.application; includeInIndex = 0; path = HackwichTwo.app; sourceTree = BUILT_PRODUCTS_DIR; };
		A71B5AF928D57929008C0413 /* AppDelegate.swift */ = {isa = PBXFileReference; lastKnownFileType = sourcecode.swift; path = AppDelegate.swift; sourceTree = "<group>"; };
		A71B5AFB28D57929008C0413 /* SceneDelegate.swift */ = {isa = PBXFileReference; lastKnownFileType = sourcecode.swift; path = SceneDelegate.swift; sourceTree = "<group>"; };
		A71B5AFD28D57929008C0413 /* ViewController.swift */ = {isa = PBXFileReference; lastKnownFileType = sourcecode.swift; path = ViewController.swift; sourceTree = "<group>"; };
		A71B5B0028D57929008C0413 /* Base */ = {isa = PBXFileReference; lastKnownFileType = file.storyboard; name = Base; path = Base.lproj/Main.storyboard; sourceTree = "<group>"; };
		A71B5B0228D5792A008C0413 /* Assets.xcassets */ = {isa = PBXFileReference; lastKnownFileType = folder.assetcatalog; path = Assets.xcassets; sourceTree = "<group>"; };
		A71B5B0528D5792A008C0413 /* Base */ = {isa = PBXFileReference; lastKnownFileType = file.storyboard; name = Base; path = Base.lproj/LaunchScreen.storyboard; sourceTree = "<group>"; };
		A71B5B0728D5792A008C0413 /* Info.plist */ = {isa = PBXFileReference; lastKnownFileType = text.plist.xml; path = Info.plist; sourceTree = "<group>"; };
		A71B5B0C28D5792B008C0413 /* HackwichTwoTests.xctest */ = {isa = PBXFileReference; explicitFileType = wrapper.cfbundle; includeInIndex = 0; path = HackwichTwoTests.xctest; sourceTree = BUILT_PRODUCTS_DIR; };
		A71B5B1028D5792B008C0413 /* HackwichTwoTests.swift */ = {isa = PBXFileReference; lastKnownFileType = sourcecode.swift; path = HackwichTwoTests.swift; sourceTree = "<group>"; };
		A71B5B1228D5792B008C0413 /* Info.plist */ = {isa = PBXFileReference; lastKnownFileType = text.plist.xml; path = Info.plist; sourceTree = "<group>"; };
		A71B5B1728D5792B008C0413 /* HackwichTwoUITests.xctest */ = {isa = PBXFileReference; explicitFileType = wrapper.cfbundle; includeInIndex = 0; path = HackwichTwoUITests.xctest; sourceTree = BUILT_PRODUCTS_DIR; };
		A71B5B1B28D5792B008C0413 /* HackwichTwoUITests.swift */ = {isa = PBXFileReference; lastKnownFileType = sourcecode.swift; path = HackwichTwoUITests.swift; sourceTree = "<group>"; };
		A71B5B1D28D5792B008C0413 /* Info.plist */ = {isa = PBXFileReference; lastKnownFileType = text.plist.xml; path = Info.plist; sourceTree = "<group>"; };
/* End PBXFileReference section */

/* Begin PBXFrameworksBuildPhase section */
		A71B5AF328D57929008C0413 /* Frameworks */ = {
			isa = PBXFrameworksBuildPhase;
			buildActionMask = 2147483647;
			files = (
			);
			runOnlyForDeploymentPostprocessing = 0;
		};
		A71B5B0928D5792B008C0413 /* Frameworks */ = {
			isa = PBXFrameworksBuildPhase;
			buildActionMask = 2147483647;
			files = (
			);
			runOnlyForDeploymentPostprocessing = 0;
		};
		A71B5B1428D5792B008C0413 /* Frameworks */ = {
			isa = PBXFrameworksBuildPhase;
			buildActionMask = 2147483647;
			files = (
			);
			runOnlyForDeploymentPostprocessing = 0;
		};
/* End PBXFrameworksBuildPhase section */

/* Begin PBXGroup section */
		A71B5AED28D57929008C0413 = {
			isa = PBXGroup;
			children = (
				A71B5AF828D57929008C0413 /* HackwichTwo */,
				A71B5B0F28D5792B008C0413 /* HackwichTwoTests */,
				A71B5B1A28D5792B008C0413 /* HackwichTwoUITests */,
				A71B5AF728D57929008C0413 /* Products */,
			);
			sourceTree = "<group>";
		};
		A71B5AF728D57929008C0413 /* Products */ = {
			isa = PBXGroup;
			children = (
				A71B5AF628D57929008C0413 /* HackwichTwo.app */,
				A71B5B0C28D5792B008C0413 /* HackwichTwoTests.xctest */,
				A71B5B1728D5792B008C0413 /* HackwichTwoUITests.xctest */,
			);
			name = Products;
			sourceTree = "<group>";
		};
		A71B5AF828D57929008C0413 /* HackwichTwo */ = {
			isa = PBXGroup;
			children = (
				A71B5AF928D57929008C0413 /* AppDelegate.swift */,
				A71B5AFB28D57929008C0413 /* SceneDelegate.swift */,
				A71B5AFD28D57929008C0413 /* ViewController.swift */,
				A71B5AFF28D57929008C0413 /* Main.storyboard */,
				A71B5B0228D5792A008C0413 /* Assets.xcassets */,
				A71B5B0428D5792A008C0413 /* LaunchScreen.storyboard */,
				A71B5B0728D5792A008C0413 /* Info.plist */,
			);
			path = HackwichTwo;
			sourceTree = "<group>";
		};
		A71B5B0F28D5792B008C0413 /* HackwichTwoTests */ = {
			isa = PBXGroup;
			children = (
				A71B5B1028D5792B008C0413 /* HackwichTwoTests.swift */,
				A71B5B1228D5792B008C0413 /* Info.plist */,
			);
			path = HackwichTwoTests;
			sourceTree = "<group>";
		};
		A71B5B1A28D5792B008C0413 /* HackwichTwoUITests */ = {
			isa = PBXGroup;
			children = (
				A71B5B1B28D5792B008C0413 /* HackwichTwoUITests.swift */,
				A71B5B1D28D5792B008C0413 /* Info.plist */,
			);
			path = HackwichTwoUITests;
			sourceTree = "<group>";
		};
/* End PBXGroup section */

/* Begin PBXNativeTarget section */
		A71B5AF528D57929008C0413 /* HackwichTwo */ = {
			isa = PBXNativeTarget;
			buildConfigurationList = A71B5B2028D5792B008C0413 /* Build configuration list for PBXNativeTarget "HackwichTwo" */;
			buildPhases = (
				A71B5AF228D57929008C0413 /* Sources */,
				A71B5AF328D57929008C0413 /* Frameworks */,
				A71B5AF428D57929008C0413 /* Resources */,
			);
			buildRules = (
			);
			dependencies = (
			);
			name = HackwichTwo;
			productName = HackwichTwo;
			productReference = A71B5AF628D57929008C0413 /* HackwichTwo.app */;
			productType = "com.apple.product-type.application";
		};
		A71B5B0B28D5792B008C0413 /* HackwichTwoTests */ = {
			isa = PBXNativeTarget;
			buildConfigurationList = A71B5B2328D5792B008C0413 /* Build configuration list for PBXNativeTarget "HackwichTwoTests" */;
			buildPhases = (
				A71B5B0828D5792B008C0413 /* Sources */,
				A71B5B0928D5792B008C0413 /* Frameworks */,
				A71B5B0A28D5792B008C0413 /* Resources */,
			);
			buildRules = (
			);
			dependencies = (
				A71B5B0E28D5792B008C0413 /* PBXTargetDependency */,
			);
			name = HackwichTwoTests;
			productName = HackwichTwoTests;
			productReference = A71B5B0C28D5792B008C0413 /* HackwichTwoTests.xctest */;
			productType = "com.apple.product-type.bundle.unit-test";
		};
		A71B5B1628D5792B008C0413 /* HackwichTwoUITests */ = {
			isa = PBXNativeTarget;
			buildConfigurationList = A71B5B2628D5792B008C0413 /* Build configuration list for PBXNativeTarget "HackwichTwoUITests" */;
			buildPhases = (
				A71B5B1328D5792B008C0413 /* Sources */,
				A71B5B1428D5792B008C0413 /* Frameworks */,
				A71B5B1528D5792B008C0413 /* Resources */,
			);
			buildRules = (
			);
			dependencies = (
				A71B5B1928D5792B008C0413 /* PBXTargetDependency */,
			);
			name = HackwichTwoUITests;
			productName = HackwichTwoUITests;
			productReference = A71B5B1728D5792B008C0413 /* HackwichTwoUITests.xctest */;
			productType = "com.apple.product-type.bundle.ui-testing";
		};
/* End PBXNativeTarget section */

/* Begin PBXProject section */
		A71B5AEE28D57929008C0413 /* Project object */ = {
			isa = PBXProject;
			attributes = {
				LastSwiftUpdateCheck = 1130;
				LastUpgradeCheck = 1130;
				ORGANIZATIONNAME = "Mehran Hashemi";
				TargetAttributes = {
					A71B5AF528D57929008C0413 = {
						CreatedOnToolsVersion = 11.3.1;
					};
					A71B5B0B28D5792B008C0413 = {
						CreatedOnToolsVersion = 11.3.1;
						TestTargetID = A71B5AF528D57929008C0413;
					};
					A71B5B1628D5792B008C0413 = {
						CreatedOnToolsVersion = 11.3.1;
						TestTargetID = A71B5AF528D57929008C0413;
					};
				};
			};
			buildConfigurationList = A71B5AF128D57929008C0413 /* Build configuration list for PBXProject "HackwichTwo" */;
			compatibilityVersion = "Xcode 9.3";
			developmentRegion = en;
			hasScannedForEncodings = 0;
			knownRegions = (
				en,
				Base,
			);
			mainGroup = A71B5AED28D57929008C0413;
			productRefGroup = A71B5AF728D57929008C0413 /* Products */;
			projectDirPath = "";
			projectRoot = "";
			targets = (
				A71B5AF528D57929008C0413 /* HackwichTwo */,
				A71B5B0B28D5792B008C0413 /* HackwichTwoTests */,
				A71B5B1628D5792B008C0413 /* HackwichTwoUITests */,
			);
		};
/* End PBXProject section */

/* Begin PBXResourcesBuildPhase section */
		A71B5AF428D57929008C0413 /* Resources */ = {
			isa = PBXResourcesBuildPhase;
			buildActionMask = 2147483647;
			files = (
				A71B5B0628D5792A008C0413 /* LaunchScreen.storyboard in Resources */,
				A71B5B0328D5792A008C0413 /* Assets.xcassets in Resources */,
				A71B5B0128D57929008C0413 /* Main.storyboard in Resources */,
			);
			runOnlyForDeploymentPostprocessing = 0;
		};
		A71B5B0A28D5792B008C0413 /* Resources */ = {
			isa = PBXResourcesBuildPhase;
			buildActionMask = 2147483647;
			files = (
			);
			runOnlyForDeploymentPostprocessing = 0;
		};
		A71B5B1528D5792B008C0413 /* Resources */ = {
			isa = PBXResourcesBuildPhase;
			buildActionMask = 2147483647;
			files = (
			);
			runOnlyForDeploymentPostprocessing = 0;
		};
/* End PBXResourcesBuildPhase section */

/* Begin PBXSourcesBuildPhase section */
		A71B5AF228D57929008C0413 /* Sources */ = {
			isa = PBXSourcesBuildPhase;
			buildActionMask = 2147483647;
			files = (
				A71B5AFE28D57929008C0413 /* ViewController.swift in Sources */,
				A71B5AFA28D57929008C0413 /* AppDelegate.swift in Sources */,
				A71B5AFC28D57929008C0413 /* SceneDelegate.swift in Sources */,
			);
			runOnlyForDeploymentPostprocessing = 0;
		};
		A71B5B0828D5792B008C0413 /* Sources */ = {
			isa = PBXSourcesBuildPhase;
			buildActionMask = 2147483647;
			files = (
				A71B5B1128D5792B008C0413 /* HackwichTwoTests.swift in Sources */,
			);
			runOnlyForDeploymentPostprocessing = 0;
		};
		A71B5B1328D5792B008C0413 /* Sources */ = {
			isa = PBXSourcesBuildPhase;
			buildActionMask = 2147483647;
			files = (
				A71B5B1C28D5792B008C0413 /* HackwichTwoUITests.swift in Sources */,
			);
			runOnlyForDeploymentPostprocessing = 0;
		};
/* End PBXSourcesBuildPhase section */

/* Begin PBXTargetDependency section */
		A71B5B0E28D5792B008C0413 /* PBXTargetDependency */ = {
			isa = PBXTargetDependency;
			target = A71B5AF528D57929008C0413 /* HackwichTwo */;
			targetProxy = A71B5B0D28D5792B008C0413 /* PBXContainerItemProxy */;
		};
		A71B5B1928D5792B008C0413 /* PBXTargetDependency */ = {
			isa = PBXTargetDependency;
			target = A71B5AF528D57929008C0413 /* HackwichTwo */;
			targetProxy = A71B5B1828D5792B008C0413 /* PBXContainerItemProxy */;
		};
/* End PBXTargetDependency section */

/* Begin PBXVariantGroup section */
		A71B5AFF28D57929008C0413 /* Main.storyboard */ = {
			isa = PBXVariantGroup;
			children = (
				A71B5B0028D57929008C0413 /* Base */,
			);
			name = Main.storyboard;
			sourceTree = "<group>";
		};
		A71B5B0428D5792A008C0413 /* LaunchScreen.storyboard */ = {
			isa = PBXVariantGroup;
			children = (
				A71B5B0528D5792A008C0413 /* Base */,
			);
			name = LaunchScreen.storyboard;
			sourceTree = "<group>";
		};
/* End PBXVariantGroup section */

/* Begin XCBuildConfiguration section */
		A71B5B1E28D5792B008C0413 /* Debug */ = {
			isa = XCBuildConfiguration;
			buildSettings = {
				ALWAYS_SEARCH_USER_PATHS = NO;
				CLANG_ANALYZER_NONNULL = YES;
				CLANG_ANALYZER_NUMBER_OBJECT_CONVERSION = YES_AGGRESSIVE;
				CLANG_CXX_LANGUAGE_STANDARD = "gnu++14";
				CLANG_CXX_LIBRARY = "libc++";
				CLANG_ENABLE_MODULES = YES;
				CLANG_ENABLE_OBJC_ARC = YES;
				CLANG_ENABLE_OBJC_WEAK = YES;
				CLANG_WARN_BLOCK_CAPTURE_AUTORELEASING = YES;
				CLANG_WARN_BOOL_CONVERSION = YES;
				CLANG_WARN_COMMA = YES;
				CLANG_WARN_CONSTANT_CONVERSION = YES;
				CLANG_WARN_DEPRECATED_OBJC_IMPLEMENTATIONS = YES;
				CLANG_WARN_DIRECT_OBJC_ISA_USAGE = YES_ERROR;
				CLANG_WARN_DOCUMENTATION_COMMENTS = YES;
				CLANG_WARN_EMPTY_BODY = YES;
				CLANG_WARN_ENUM_CONVERSION = YES;
				CLANG_WARN_INFINITE_RECURSION = YES;
				CLANG_WARN_INT_CONVERSION = YES;
				CLANG_WARN_NON_LITERAL_NULL_CONVERSION = YES;
				CLANG_WARN_OBJC_IMPLICIT_RETAIN_SELF = YES;
				CLANG_WARN_OBJC_LITERAL_CONVERSION = YES;
				CLANG_WARN_OBJC_ROOT_CLASS = YES_ERROR;
				CLANG_WARN_RANGE_LOOP_ANALYSIS = YES;
				CLANG_WARN_STRICT_PROTOTYPES = YES;
				CLANG_WARN_SUSPICIOUS_MOVE = YES;
				CLANG_WARN_UNGUARDED_AVAILABILITY = YES_AGGRESSIVE;
				CLANG_WARN_UNREACHABLE_CODE = YES;
				CLANG_WARN__DUPLICATE_METHOD_MATCH = YES;
				COPY_PHASE_STRIP = NO;
				DEBUG_INFORMATION_FORMAT = dwarf;
				ENABLE_STRICT_OBJC_MSGSEND = YES;
				ENABLE_TESTABILITY = YES;
				GCC_C_LANGUAGE_STANDARD = gnu11;
				GCC_DYNAMIC_NO_PIC = NO;
				GCC_NO_COMMON_BLOCKS = YES;
				GCC_OPTIMIZATION_LEVEL = 0;
				GCC_PREPROCESSOR_DEFINITIONS = (
					"DEBUG=1",
					"$(inherited)",
				);
				GCC_WARN_64_TO_32_BIT_CONVERSION = YES;
				GCC_WARN_ABOUT_RETURN_TYPE = YES_ERROR;
				GCC_WARN_UNDECLARED_SELECTOR = YES;
				GCC_WARN_UNINITIALIZED_AUTOS = YES_AGGRESSIVE;
				GCC_WARN_UNUSED_FUNCTION = YES;
				GCC_WARN_UNUSED_VARIABLE = YES;
				IPHONEOS_DEPLOYMENT_TARGET = 13.2;
				MTL_ENABLE_DEBUG_INFO = INCLUDE_SOURCE;
				MTL_FAST_MATH = YES;
				ONLY_ACTIVE_ARCH = YES;
				SDKROOT = iphoneos;
				SWIFT_ACTIVE_COMPILATION_CONDITIONS = DEBUG;
				SWIFT_OPTIMIZATION_LEVEL = "-Onone";
			};
			name = Debug;
		};
		A71B5B1F28D5792B008C0413 /* Release */ = {
			isa = XCBuildConfiguration;
			buildSettings = {
				ALWAYS_SEARCH_USER_PATHS = NO;
				CLANG_ANALYZER_NONNULL = YES;
				CLANG_ANALYZER_NUMBER_OBJECT_CONVERSION = YES_AGGRESSIVE;
				CLANG_CXX_LANGUAGE_STANDARD = "gnu++14";
				CLANG_CXX_LIBRARY = "libc++";
				CLANG_ENABLE_MODULES = YES;
				CLANG_ENABLE_OBJC_ARC = YES;
				CLANG_ENABLE_OBJC_WEAK = YES;
				CLANG_WARN_BLOCK_CAPTURE_AUTORELEASING = YES;
				CLANG_WARN_BOOL_CONVERSION = YES;
				CLANG_WARN_COMMA = YES;
				CLANG_WARN_CONSTANT_CONVERSION = YES;
				CLANG_WARN_DEPRECATED_OBJC_IMPLEMENTATIONS = YES;
				CLANG_WARN_DIRECT_OBJC_ISA_USAGE = YES_ERROR;
				CLANG_WARN_DOCUMENTATION_COMMENTS = YES;
				CLANG_WARN_EMPTY_BODY = YES;
				CLANG_WARN_ENUM_CONVERSION = YES;
				CLANG_WARN_INFINITE_RECURSION = YES;
				CLANG_WARN_INT_CONVERSION = YES;
				CLANG_WARN_NON_LITERAL_NULL_CONVERSION = YES;
				CLANG_WARN_OBJC_IMPLICIT_RETAIN_SELF = YES;
				CLANG_WARN_OBJC_LITERAL_CONVERSION = YES;
				CLANG_WARN_OBJC_ROOT_CLASS = YES_ERROR;
				CLANG_WARN_RANGE_LOOP_ANALYSIS = YES;
				CLANG_WARN_STRICT_PROTOTYPES = YES;
				CLANG_WARN_SUSPICIOUS_MOVE = YES;
				CLANG_WARN_UNGUARDED_AVAILABILITY = YES_AGGRESSIVE;
				CLANG_WARN_UNREACHABLE_CODE = YES;
				CLANG_WARN__DUPLICATE_METHOD_MATCH = YES;
				COPY_PHASE_STRIP = NO;
				DEBUG_INFORMATION_FORMAT = "dwarf-with-dsym";
				ENABLE_NS_ASSERTIONS = NO;
				ENABLE_STRICT_OBJC_MSGSEND = YES;
				GCC_C_LANGUAGE_STANDARD = gnu11;
				GCC_NO_COMMON_BLOCKS = YES;
				GCC_WARN_64_TO_32_BIT_CONVERSION = YES;
				GCC_WARN_ABOUT_RETURN_TYPE = YES_ERROR;
				GCC_WARN_UNDECLARED_SELECTOR = YES;
				GCC_WARN_UNINITIALIZED_AUTOS = YES_AGGRESSIVE;
				GCC_WARN_UNUSED_FUNCTION = YES;
				GCC_WARN_UNUSED_VARIABLE = YES;
				IPHONEOS_DEPLOYMENT_TARGET = 13.2;
				MTL_ENABLE_DEBUG_INFO = NO;
				MTL_FAST_MATH = YES;
				SDKROOT = iphoneos;
				SWIFT_COMPILATION_MODE = wholemodule;
				SWIFT_OPTIMIZATION_LEVEL = "-O";
				VALIDATE_PRODUCT = YES;
			};
			name = Release;
		};
		A71B5B2128D5792B008C0413 /* Debug */ = {
			isa = XCBuildConfiguration;
			buildSettings = {
				ASSETCATALOG_COMPILER_APPICON_NAME = AppIcon;
				CODE_SIGN_STYLE = Automatic;
				DEVELOPMENT_TEAM = MK6MNCMSLW;
				INFOPLIST_FILE = HackwichTwo/Info.plist;
				LD_RUNPATH_SEARCH_PATHS = (
					"$(inherited)",
					"@executable_path/Frameworks",
				);
				PRODUCT_BUNDLE_IDENTIFIER = UHWO.HackwichTwo;
				PRODUCT_NAME = "$(TARGET_NAME)";
				SWIFT_VERSION = 5.0;
				TARGETED_DEVICE_FAMILY = "1,2";
			};
			name = Debug;
		};
		A71B5B2228D5792B008C0413 /* Release */ = {
			isa = XCBuildConfiguration;
			buildSettings = {
				ASSETCATALOG_COMPILER_APPICON_NAME = AppIcon;
				CODE_SIGN_STYLE = Automatic;
				DEVELOPMENT_TEAM = MK6MNCMSLW;
				INFOPLIST_FILE = HackwichTwo/Info.plist;
				LD_RUNPATH_SEARCH_PATHS = (
					"$(inherited)",
					"@executable_path/Frameworks",
				);
				PRODUCT_BUNDLE_IDENTIFIER = UHWO.HackwichTwo;
				PRODUCT_NAME = "$(TARGET_NAME)";
				SWIFT_VERSION = 5.0;
				TARGETED_DEVICE_FAMILY = "1,2";
			};
			name = Release;
		};
		A71B5B2428D5792B008C0413 /* Debug */ = {
			isa = XCBuildConfiguration;
			buildSettings = {
				ALWAYS_EMBED_SWIFT_STANDARD_LIBRARIES = YES;
				BUNDLE_LOADER = "$(TEST_HOST)";
				CODE_SIGN_STYLE = Automatic;
				DEVELOPMENT_TEAM = MK6MNCMSLW;
				INFOPLIST_FILE = HackwichTwoTests/Info.plist;
				IPHONEOS_DEPLOYMENT_TARGET = 13.2;
				LD_RUNPATH_SEARCH_PATHS = (
					"$(inherited)",
					"@executable_path/Frameworks",
					"@loader_path/Frameworks",
				);
				PRODUCT_BUNDLE_IDENTIFIER = UHWO.HackwichTwoTests;
				PRODUCT_NAME = "$(TARGET_NAME)";
				SWIFT_VERSION = 5.0;
				TARGETED_DEVICE_FAMILY = "1,2";
				TEST_HOST = "$(BUILT_PRODUCTS_DIR)/HackwichTwo.app/HackwichTwo";
			};
			name = Debug;
		};
		A71B5B2528D5792B008C0413 /* Release */ = {
			isa = XCBuildConfiguration;
			buildSettings = {
				ALWAYS_EMBED_SWIFT_STANDARD_LIBRARIES = YES;
				BUNDLE_LOADER = "$(TEST_HOST)";
				CODE_SIGN_STYLE = Automatic;
				DEVELOPMENT_TEAM = MK6MNCMSLW;
				INFOPLIST_FILE = HackwichTwoTests/Info.plist;
				IPHONEOS_DEPLOYMENT_TARGET = 13.2;
				LD_RUNPATH_SEARCH_PATHS = (
					"$(inherited)",
					"@executable_path/Frameworks",
					"@loader_path/Frameworks",
				);
				PRODUCT_BUNDLE_IDENTIFIER = UHWO.HackwichTwoTests;
				PRODUCT_NAME = "$(TARGET_NAME)";
				SWIFT_VERSION = 5.0;
				TARGETED_DEVICE_FAMILY = "1,2";
				TEST_HOST = "$(BUILT_PRODUCTS_DIR)/HackwichTwo.app/HackwichTwo";
			};
			name = Release;
		};
		A71B5B2728D5792B008C0413 /* Debug */ = {
			isa = XCBuildConfiguration;
			buildSettings = {
				ALWAYS_EMBED_SWIFT_STANDARD_LIBRARIES = YES;
				CODE_SIGN_STYLE = Automatic;
				DEVELOPMENT_TEAM = MK6MNCMSLW;
				INFOPLIST_FILE = HackwichTwoUITests/Info.plist;
				LD_RUNPATH_SEARCH_PATHS = (
					"$(inherited)",
					"@executable_path/Frameworks",
					"@loader_path/Frameworks",
				);
				PRODUCT_BUNDLE_IDENTIFIER = UHWO.HackwichTwoUITests;
				PRODUCT_NAME = "$(TARGET_NAME)";
				SWIFT_VERSION = 5.0;
				TARGETED_DEVICE_FAMILY = "1,2";
				TEST_TARGET_NAME = HackwichTwo;
			};
			name = Debug;
		};
		A71B5B2828D5792B008C0413 /* Release */ = {
			isa = XCBuildConfiguration;
			buildSettings = {
				ALWAYS_EMBED_SWIFT_STANDARD_LIBRARIES = YES;
				CODE_SIGN_STYLE = Automatic;
				DEVELOPMENT_TEAM = MK6MNCMSLW;
				INFOPLIST_FILE = HackwichTwoUITests/Info.plist;
				LD_RUNPATH_SEARCH_PATHS = (
					"$(inherited)",
					"@executable_path/Frameworks",
					"@loader_path/Frameworks",
				);
				PRODUCT_BUNDLE_IDENTIFIER = UHWO.HackwichTwoUITests;
				PRODUCT_NAME = "$(TARGET_NAME)";
				SWIFT_VERSION = 5.0;
				TARGETED_DEVICE_FAMILY = "1,2";
				TEST_TARGET_NAME = HackwichTwo;
			};
			name = Release;
		};
/* End XCBuildConfiguration section */

/* Begin XCConfigurationList section */
		A71B5AF128D57929008C0413 /* Build configuration list for PBXProject "HackwichTwo" */ = {
			isa = XCConfigurationList;
			buildConfigurations = (
				A71B5B1E28D5792B008C0413 /* Debug */,
				A71B5B1F28D5792B008C0413 /* Release */,
			);
			defaultConfigurationIsVisible = 0;
			defaultConfigurationName = Release;
		};
		A71B5B2028D5792B008C0413 /* Build configuration list for PBXNativeTarget "HackwichTwo" */ = {
			isa = XCConfigurationList;
			buildConfigurations = (
				A71B5B2128D5792B008C0413 /* Debug */,
				A71B5B2228D5792B008C0413 /* Release */,
			);
			defaultConfigurationIsVisible = 0;
			defaultConfigurationName = Release;
		};
		A71B5B2328D5792B008C0413 /* Build configuration list for PBXNativeTarget "HackwichTwoTests" */ = {
			isa = XCConfigurationList;
			buildConfigurations = (
				A71B5B2428D5792B008C0413 /* Debug */,
				A71B5B2528D5792B008C0413 /* Release */,
			);
			defaultConfigurationIsVisible = 0;
			defaultConfigurationName = Release;
		};
		A71B5B2628D5792B008C0413 /* Build configuration list for PBXNativeTarget "HackwichTwoUITests" */ = {
			isa = XCConfigurationList;
			buildConfigurations = (
				A71B5B2728D5792B008C0413 /* Debug */,
				A71B5B2828D5792B008C0413 /* Release */,
			);
			defaultConfigurationIsVisible = 0;
			defaultConfigurationName = Release;
		};
/* End XCConfigurationList section */
	};
	rootObject = A71B5AEE28D57929008C0413 /* Project object */;
}
